// !$*UTF8*$!
{
	archiveVersion = 1;
	classes = {
	};
	objectVersion = 55;
	objects = {

/* Begin PBXBuildFile section */
		070B395127F0EBED00878E65 /* WeatherManager.swift in Sources */ = {isa = PBXBuildFile; fileRef = 070B395027F0EBED00878E65 /* WeatherManager.swift */; };
		070B395627F0F5A300878E65 /* WeatherData.swift in Sources */ = {isa = PBXBuildFile; fileRef = 070B395527F0F5A300878E65 /* WeatherData.swift */; };
		070B395927F1045400878E65 /* WeatherModel.swift in Sources */ = {isa = PBXBuildFile; fileRef = 070B395827F1045400878E65 /* WeatherModel.swift */; };
		07B2FD0727EFE3360053DA99 /* AppDelegate.swift in Sources */ = {isa = PBXBuildFile; fileRef = 07B2FD0627EFE3360053DA99 /* AppDelegate.swift */; };
		07B2FD0927EFE3360053DA99 /* SceneDelegate.swift in Sources */ = {isa = PBXBuildFile; fileRef = 07B2FD0827EFE3360053DA99 /* SceneDelegate.swift */; };
		07B2FD0B27EFE3360053DA99 /* WeatherViewController.swift in Sources */ = {isa = PBXBuildFile; fileRef = 07B2FD0A27EFE3360053DA99 /* WeatherViewController.swift */; };
		07B2FD0E27EFE3360053DA99 /* Main.storyboard in Resources */ = {isa = PBXBuildFile; fileRef = 07B2FD0C27EFE3360053DA99 /* Main.storyboard */; };
		07B2FD1027EFE3370053DA99 /* Assets.xcassets in Resources */ = {isa = PBXBuildFile; fileRef = 07B2FD0F27EFE3370053DA99 /* Assets.xcassets */; };
		07B2FD1327EFE3370053DA99 /* LaunchScreen.storyboard in Resources */ = {isa = PBXBuildFile; fileRef = 07B2FD1127EFE3370053DA99 /* LaunchScreen.storyboard */; };
/* End PBXBuildFile section */

/* Begin PBXFileReference section */
		070B395027F0EBED00878E65 /* WeatherManager.swift */ = {isa = PBXFileReference; lastKnownFileType = sourcecode.swift; path = WeatherManager.swift; sourceTree = "<group>"; };
		070B395527F0F5A300878E65 /* WeatherData.swift */ = {isa = PBXFileReference; lastKnownFileType = sourcecode.swift; path = WeatherData.swift; sourceTree = "<group>"; };
		070B395827F1045400878E65 /* WeatherModel.swift */ = {isa = PBXFileReference; lastKnownFileType = sourcecode.swift; path = WeatherModel.swift; sourceTree = "<group>"; };
		07B2FD0327EFE3360053DA99 /* WeatherOrNot.app */ = {isa = PBXFileReference; explicitFileType = wrapper.application; includeInIndex = 0; path = WeatherOrNot.app; sourceTree = BUILT_PRODUCTS_DIR; };
		07B2FD0627EFE3360053DA99 /* AppDelegate.swift */ = {isa = PBXFileReference; lastKnownFileType = sourcecode.swift; path = AppDelegate.swift; sourceTree = "<group>"; };
		07B2FD0827EFE3360053DA99 /* SceneDelegate.swift */ = {isa = PBXFileReference; lastKnownFileType = sourcecode.swift; path = SceneDelegate.swift; sourceTree = "<group>"; };
		07B2FD0A27EFE3360053DA99 /* WeatherViewController.swift */ = {isa = PBXFileReference; lastKnownFileType = sourcecode.swift; path = WeatherViewController.swift; sourceTree = "<group>"; };
		07B2FD0D27EFE3360053DA99 /* Base */ = {isa = PBXFileReference; lastKnownFileType = file.storyboard; name = Base; path = Base.lproj/Main.storyboard; sourceTree = "<group>"; };
		07B2FD0F27EFE3370053DA99 /* Assets.xcassets */ = {isa = PBXFileReference; lastKnownFileType = folder.assetcatalog; path = Assets.xcassets; sourceTree = "<group>"; };
		07B2FD1227EFE3370053DA99 /* Base */ = {isa = PBXFileReference; lastKnownFileType = file.storyboard; name = Base; path = Base.lproj/LaunchScreen.storyboard; sourceTree = "<group>"; };
		07B2FD1427EFE3370053DA99 /* Info.plist */ = {isa = PBXFileReference; lastKnownFileType = text.plist.xml; path = Info.plist; sourceTree = "<group>"; };
/* End PBXFileReference section */

/* Begin PBXFrameworksBuildPhase section */
		07B2FD0027EFE3360053DA99 /* Frameworks */ = {
			isa = PBXFrameworksBuildPhase;
			buildActionMask = 2147483647;
			files = (
			);
			runOnlyForDeploymentPostprocessing = 0;
		};
/* End PBXFrameworksBuildPhase section */

/* Begin PBXGroup section */
		070B395227F0EC0900878E65 /* Controller */ = {
			isa = PBXGroup;
			children = (
				07B2FD0A27EFE3360053DA99 /* WeatherViewController.swift */,
			);
			path = Controller;
			sourceTree = "<group>";
		};
		070B395327F0EC0C00878E65 /* View */ = {
			isa = PBXGroup;
			children = (
				07B2FD0C27EFE3360053DA99 /* Main.storyboard */,
			);
			path = View;
			sourceTree = "<group>";
		};
		070B395427F0EC1300878E65 /* Model */ = {
			isa = PBXGroup;
			children = (
				070B395027F0EBED00878E65 /* WeatherManager.swift */,
				070B395527F0F5A300878E65 /* WeatherData.swift */,
				070B395827F1045400878E65 /* WeatherModel.swift */,
			);
			path = Model;
			sourceTree = "<group>";
		};
		07B2FCFA27EFE3360053DA99 = {
			isa = PBXGroup;
			children = (
				07B2FD0527EFE3360053DA99 /* WeatherOrNot */,
				07B2FD0427EFE3360053DA99 /* Products */,
			);
			sourceTree = "<group>";
		};
		07B2FD0427EFE3360053DA99 /* Products */ = {
			isa = PBXGroup;
			children = (
				07B2FD0327EFE3360053DA99 /* WeatherOrNot.app */,
			);
			name = Products;
			sourceTree = "<group>";
		};
		07B2FD0527EFE3360053DA99 /* WeatherOrNot */ = {
			isa = PBXGroup;
			children = (
				070B395427F0EC1300878E65 /* Model */,
				070B395327F0EC0C00878E65 /* View */,
				070B395227F0EC0900878E65 /* Controller */,
				07B2FD0627EFE3360053DA99 /* AppDelegate.swift */,
				07B2FD0827EFE3360053DA99 /* SceneDelegate.swift */,
				07B2FD0F27EFE3370053DA99 /* Assets.xcassets */,
				07B2FD1127EFE3370053DA99 /* LaunchScreen.storyboard */,
				07B2FD1427EFE3370053DA99 /* Info.plist */,
			);
			path = WeatherOrNot;
			sourceTree = "<group>";
		};
/* End PBXGroup section */

/* Begin PBXNativeTarget section */
		07B2FD0227EFE3360053DA99 /* WeatherOrNot */ = {
			isa = PBXNativeTarget;
			buildConfigurationList = 07B2FD1727EFE3370053DA99 /* Build configuration list for PBXNativeTarget "WeatherOrNot" */;
			buildPhases = (
				07B2FCFF27EFE3360053DA99 /* Sources */,
				07B2FD0027EFE3360053DA99 /* Frameworks */,
				07B2FD0127EFE3360053DA99 /* Resources */,
			);
			buildRules = (
			);
			dependencies = (
			);
			name = WeatherOrNot;
			productName = WeatherOrNot;
			productReference = 07B2FD0327EFE3360053DA99 /* WeatherOrNot.app */;
			productType = "com.apple.product-type.application";
		};
/* End PBXNativeTarget section */

/* Begin PBXProject section */
		07B2FCFB27EFE3360053DA99 /* Project object */ = {
			isa = PBXProject;
			attributes = {
				BuildIndependentTargetsInParallel = 1;
				LastSwiftUpdateCheck = 1330;
				LastUpgradeCheck = 1330;
				TargetAttributes = {
					07B2FD0227EFE3360053DA99 = {
						CreatedOnToolsVersion = 13.3;
					};
				};
			};
			buildConfigurationList = 07B2FCFE27EFE3360053DA99 /* Build configuration list for PBXProject "WeatherOrNot" */;
			compatibilityVersion = "Xcode 13.0";
			developmentRegion = en;
			hasScannedForEncodings = 0;
			knownRegions = (
				en,
				Base,
			);
			mainGroup = 07B2FCFA27EFE3360053DA99;
			productRefGroup = 07B2FD0427EFE3360053DA99 /* Products */;
			projectDirPath = "";
			projectRoot = "";
			targets = (
				07B2FD0227EFE3360053DA99 /* WeatherOrNot */,
			);
		};
/* End PBXProject section */

/* Begin PBXResourcesBuildPhase section */
		07B2FD0127EFE3360053DA99 /* Resources */ = {
			isa = PBXResourcesBuildPhase;
			buildActionMask = 2147483647;
			files = (
				07B2FD1327EFE3370053DA99 /* LaunchScreen.storyboard in Resources */,
				07B2FD1027EFE3370053DA99 /* Assets.xcassets in Resources */,
				07B2FD0E27EFE3360053DA99 /* Main.storyboard in Resources */,
			);
			runOnlyForDeploymentPostprocessing = 0;
		};
/* End PBXResourcesBuildPhase section */

/* Begin PBXSourcesBuildPhase section */
		07B2FCFF27EFE3360053DA99 /* Sources */ = {
			isa = PBXSourcesBuildPhase;
			buildActionMask = 2147483647;
			files = (
				07B2FD0B27EFE3360053DA99 /* WeatherViewController.swift in Sources */,
				070B395627F0F5A300878E65 /* WeatherData.swift in Sources */,
				07B2FD0727EFE3360053DA99 /* AppDelegate.swift in Sources */,
				070B395127F0EBED00878E65 /* WeatherManager.swift in Sources */,
				070B395927F1045400878E65 /* WeatherModel.swift in Sources */,
				07B2FD0927EFE3360053DA99 /* SceneDelegate.swift in Sources */,
			);
			runOnlyForDeploymentPostprocessing = 0;
		};
/* End PBXSourcesBuildPhase section */

/* Begin PBXVariantGroup section */
		07B2FD0C27EFE3360053DA99 /* Main.storyboard */ = {
			isa = PBXVariantGroup;
			children = (
				07B2FD0D27EFE3360053DA99 /* Base */,
			);
			name = Main.storyboard;
			sourceTree = "<group>";
		};
		07B2FD1127EFE3370053DA99 /* LaunchScreen.storyboard */ = {
			isa = PBXVariantGroup;
			children = (
				07B2FD1227EFE3370053DA99 /* Base */,
			);
			name = LaunchScreen.storyboard;
			sourceTree = "<group>";
		};
/* End PBXVariantGroup section */

/* Begin XCBuildConfiguration section */
		07B2FD1527EFE3370053DA99 /* Debug */ = {
			isa = XCBuildConfiguration;
			buildSettings = {
				ALWAYS_SEARCH_USER_PATHS = NO;
				CLANG_ANALYZER_NONNULL = YES;
				CLANG_ANALYZER_NUMBER_OBJECT_CONVERSION = YES_AGGRESSIVE;
				CLANG_CXX_LANGUAGE_STANDARD = "gnu++17";
				CLANG_ENABLE_MODULES = YES;
				CLANG_ENABLE_OBJC_ARC = YES;
				CLANG_ENABLE_OBJC_WEAK = YES;
				CLANG_WARN_BLOCK_CAPTURE_AUTORELEASING = YES;
				CLANG_WARN_BOOL_CONVERSION = YES;
				CLANG_WARN_COMMA = YES;
				CLANG_WARN_CONSTANT_CONVERSION = YES;
				CLANG_WARN_DEPRECATED_OBJC_IMPLEMENTATIONS = YES;
				CLANG_WARN_DIRECT_OBJC_ISA_USAGE = YES_ERROR;
				CLANG_WARN_DOCUMENTATION_COMMENTS = YES;
				CLANG_WARN_EMPTY_BODY = YES;
				CLANG_WARN_ENUM_CONVERSION = YES;
				CLANG_WARN_INFINITE_RECURSION = YES;
				CLANG_WARN_INT_CONVERSION = YES;
				CLANG_WARN_NON_LITERAL_NULL_CONVERSION = YES;
				CLANG_WARN_OBJC_IMPLICIT_RETAIN_SELF = YES;
				CLANG_WARN_OBJC_LITERAL_CONVERSION = YES;
				CLANG_WARN_OBJC_ROOT_CLASS = YES_ERROR;
				CLANG_WARN_QUOTED_INCLUDE_IN_FRAMEWORK_HEADER = YES;
				CLANG_WARN_RANGE_LOOP_ANALYSIS = YES;
				CLANG_WARN_STRICT_PROTOTYPES = YES;
				CLANG_WARN_SUSPICIOUS_MOVE = YES;
				CLANG_WARN_UNGUARDED_AVAILABILITY = YES_AGGRESSIVE;
				CLANG_WARN_UNREACHABLE_CODE = YES;
				CLANG_WARN__DUPLICATE_METHOD_MATCH = YES;
				COPY_PHASE_STRIP = NO;
				DEBUG_INFORMATION_FORMAT = dwarf;
				ENABLE_STRICT_OBJC_MSGSEND = YES;
				ENABLE_TESTABILITY = YES;
				GCC_C_LANGUAGE_STANDARD = gnu11;
				GCC_DYNAMIC_NO_PIC = NO;
				GCC_NO_COMMON_BLOCKS = YES;
				GCC_OPTIMIZATION_LEVEL = 0;
				GCC_PREPROCESSOR_DEFINITIONS = (
					"DEBUG=1",
					"$(inherited)",
				);
				GCC_WARN_64_TO_32_BIT_CONVERSION = YES;
				GCC_WARN_ABOUT_RETURN_TYPE = YES_ERROR;
				GCC_WARN_UNDECLARED_SELECTOR = YES;
				GCC_WARN_UNINITIALIZED_AUTOS = YES_AGGRESSIVE;
				GCC_WARN_UNUSED_FUNCTION = YES;
				GCC_WARN_UNUSED_VARIABLE = YES;
				IPHONEOS_DEPLOYMENT_TARGET = 15.4;
				MTL_ENABLE_DEBUG_INFO = INCLUDE_SOURCE;
				MTL_FAST_MATH = YES;
				ONLY_ACTIVE_ARCH = YES;
				SDKROOT = iphoneos;
				SWIFT_ACTIVE_COMPILATION_CONDITIONS = DEBUG;
				SWIFT_OPTIMIZATION_LEVEL = "-Onone";
			};
			name = Debug;
		};
		07B2FD1627EFE3370053DA99 /* Release */ = {
			isa = XCBuildConfiguration;
			buildSettings = {
				ALWAYS_SEARCH_USER_PATHS = NO;
				CLANG_ANALYZER_NONNULL = YES;
				CLANG_ANALYZER_NUMBER_OBJECT_CONVERSION = YES_AGGRESSIVE;
				CLANG_CXX_LANGUAGE_STANDARD = "gnu++17";
				CLANG_ENABLE_MODULES = YES;
				CLANG_ENABLE_OBJC_ARC = YES;
				CLANG_ENABLE_OBJC_WEAK = YES;
				CLANG_WARN_BLOCK_CAPTURE_AUTORELEASING = YES;
				CLANG_WARN_BOOL_CONVERSION = YES;
				CLANG_WARN_COMMA = YES;
				CLANG_WARN_CONSTANT_CONVERSION = YES;
				CLANG_WARN_DEPRECATED_OBJC_IMPLEMENTATIONS = YES;
				CLANG_WARN_DIRECT_OBJC_ISA_USAGE = YES_ERROR;
				CLANG_WARN_DOCUMENTATION_COMMENTS = YES;
				CLANG_WARN_EMPTY_BODY = YES;
				CLANG_WARN_ENUM_CONVERSION = YES;
				CLANG_WARN_INFINITE_RECURSION = YES;
				CLANG_WARN_INT_CONVERSION = YES;
				CLANG_WARN_NON_LITERAL_NULL_CONVERSION = YES;
				CLANG_WARN_OBJC_IMPLICIT_RETAIN_SELF = YES;
				CLANG_WARN_OBJC_LITERAL_CONVERSION = YES;
				CLANG_WARN_OBJC_ROOT_CLASS = YES_ERROR;
				CLANG_WARN_QUOTED_INCLUDE_IN_FRAMEWORK_HEADER = YES;
				CLANG_WARN_RANGE_LOOP_ANALYSIS = YES;
				CLANG_WARN_STRICT_PROTOTYPES = YES;
				CLANG_WARN_SUSPICIOUS_MOVE = YES;
				CLANG_WARN_UNGUARDED_AVAILABILITY = YES_AGGRESSIVE;
				CLANG_WARN_UNREACHABLE_CODE = YES;
				CLANG_WARN__DUPLICATE_METHOD_MATCH = YES;
				COPY_PHASE_STRIP = NO;
				DEBUG_INFORMATION_FORMAT = "dwarf-with-dsym";
				ENABLE_NS_ASSERTIONS = NO;
				ENABLE_STRICT_OBJC_MSGSEND = YES;
				GCC_C_LANGUAGE_STANDARD = gnu11;
				GCC_NO_COMMON_BLOCKS = YES;
				GCC_WARN_64_TO_32_BIT_CONVERSION = YES;
				GCC_WARN_ABOUT_RETURN_TYPE = YES_ERROR;
				GCC_WARN_UNDECLARED_SELECTOR = YES;
				GCC_WARN_UNINITIALIZED_AUTOS = YES_AGGRESSIVE;
				GCC_WARN_UNUSED_FUNCTION = YES;
				GCC_WARN_UNUSED_VARIABLE = YES;
				IPHONEOS_DEPLOYMENT_TARGET = 15.4;
				MTL_ENABLE_DEBUG_INFO = NO;
				MTL_FAST_MATH = YES;
				SDKROOT = iphoneos;
				SWIFT_COMPILATION_MODE = wholemodule;
				SWIFT_OPTIMIZATION_LEVEL = "-O";
				VALIDATE_PRODUCT = YES;
			};
			name = Release;
		};
		07B2FD1827EFE3370053DA99 /* Debug */ = {
			isa = XCBuildConfiguration;
			buildSettings = {
				ASSETCATALOG_COMPILER_APPICON_NAME = AppIcon;
				ASSETCATALOG_COMPILER_GLOBAL_ACCENT_COLOR_NAME = AccentColor;
				CODE_SIGN_STYLE = Automatic;
				CURRENT_PROJECT_VERSION = 1;
				DEVELOPMENT_TEAM = V8JCB27D8F;
				GENERATE_INFOPLIST_FILE = YES;
				INFOPLIST_FILE = WeatherOrNot/Info.plist;
				INFOPLIST_KEY_UIApplicationSupportsIndirectInputEvents = YES;
				INFOPLIST_KEY_UILaunchStoryboardName = LaunchScreen;
				INFOPLIST_KEY_UIMainStoryboardFile = Main;
				INFOPLIST_KEY_UISupportedInterfaceOrientations_iPad = "UIInterfaceOrientationPortrait UIInterfaceOrientationPortraitUpsideDown UIInterfaceOrientationLandscapeLeft UIInterfaceOrientationLandscapeRight";
				INFOPLIST_KEY_UISupportedInterfaceOrientations_iPhone = "UIInterfaceOrientationPortrait UIInterfaceOrientationLandscapeLeft UIInterfaceOrientationLandscapeRight";
				LD_RUNPATH_SEARCH_PATHS = (
					"$(inherited)",
					"@executable_path/Frameworks",
				);
				MARKETING_VERSION = 1.0;
				PRODUCT_BUNDLE_IDENTIFIER = WeSplit.MostlyWants.com.WeatherOrNot;
				PRODUCT_NAME = "$(TARGET_NAME)";
				SWIFT_EMIT_LOC_STRINGS = YES;
				SWIFT_VERSION = 5.0;
				TARGETED_DEVICE_FAMILY = "1,2";
			};
			name = Debug;
		};
		07B2FD1927EFE3370053DA99 /* Release */ = {
			isa = XCBuildConfiguration;
			buildSettings = {
				ASSETCATALOG_COMPILER_APPICON_NAME = AppIcon;
				ASSETCATALOG_COMPILER_GLOBAL_ACCENT_COLOR_NAME = AccentColor;
				CODE_SIGN_STYLE = Automatic;
				CURRENT_PROJECT_VERSION = 1;
				DEVELOPMENT_TEAM = V8JCB27D8F;
				GENERATE_INFOPLIST_FILE = YES;
				INFOPLIST_FILE = WeatherOrNot/Info.plist;
				INFOPLIST_KEY_UIApplicationSupportsIndirectInputEvents = YES;
				INFOPLIST_KEY_UILaunchStoryboardName = LaunchScreen;
				INFOPLIST_KEY_UIMainStoryboardFile = Main;
				INFOPLIST_KEY_UISupportedInterfaceOrientations_iPad = "UIInterfaceOrientationPortrait UIInterfaceOrientationPortraitUpsideDown UIInterfaceOrientationLandscapeLeft UIInterfaceOrientationLandscapeRight";
				INFOPLIST_KEY_UISupportedInterfaceOrientations_iPhone = "UIInterfaceOrientationPortrait UIInterfaceOrientationLandscapeLeft UIInterfaceOrientationLandscapeRight";
				LD_RUNPATH_SEARCH_PATHS = (
					"$(inherited)",
					"@executable_path/Frameworks",
				);
				MARKETING_VERSION = 1.0;
				PRODUCT_BUNDLE_IDENTIFIER = WeSplit.MostlyWants.com.WeatherOrNot;
				PRODUCT_NAME = "$(TARGET_NAME)";
				SWIFT_EMIT_LOC_STRINGS = YES;
				SWIFT_VERSION = 5.0;
				TARGETED_DEVICE_FAMILY = "1,2";
			};
			name = Release;
		};
/* End XCBuildConfiguration section */

/* Begin XCConfigurationList section */
		07B2FCFE27EFE3360053DA99 /* Build configuration list for PBXProject "WeatherOrNot" */ = {
			isa = XCConfigurationList;
			buildConfigurations = (
				07B2FD1527EFE3370053DA99 /* Debug */,
				07B2FD1627EFE3370053DA99 /* Release */,
			);
			defaultConfigurationIsVisible = 0;
			defaultConfigurationName = Release;
		};
		07B2FD1727EFE3370053DA99 /* Build configuration list for PBXNativeTarget "WeatherOrNot" */ = {
			isa = XCConfigurationList;
			buildConfigurations = (
				07B2FD1827EFE3370053DA99 /* Debug */,
				07B2FD1927EFE3370053DA99 /* Release */,
			);
			defaultConfigurationIsVisible = 0;
			defaultConfigurationName = Release;
		};
/* End XCConfigurationList section */
	};
	rootObject = 07B2FCFB27EFE3360053DA99 /* Project object */;
}
